// !$*UTF8*$!
{
	archiveVersion = 1;
	classes = {
	};
	objectVersion = 48;
	objects = {

/* Begin PBXBuildFile section */
		1CAAA7651F97890900F25EC0 /* AppDelegate.swift in Sources */ = {isa = PBXBuildFile; fileRef = 1CAAA7641F97890900F25EC0 /* AppDelegate.swift */; };
		1CAAA7671F97890900F25EC0 /* ViewController.swift in Sources */ = {isa = PBXBuildFile; fileRef = 1CAAA7661F97890900F25EC0 /* ViewController.swift */; };
		1CAAA76A1F97890900F25EC0 /* Main.storyboard in Resources */ = {isa = PBXBuildFile; fileRef = 1CAAA7681F97890900F25EC0 /* Main.storyboard */; };
		1CAAA76C1F97890900F25EC0 /* Assets.xcassets in Resources */ = {isa = PBXBuildFile; fileRef = 1CAAA76B1F97890900F25EC0 /* Assets.xcassets */; };
		1CAAA76F1F97890900F25EC0 /* LaunchScreen.storyboard in Resources */ = {isa = PBXBuildFile; fileRef = 1CAAA76D1F97890900F25EC0 /* LaunchScreen.storyboard */; };
		1CAAA77A1F97890900F25EC0 /* CardIOSwiftExampleTests.swift in Sources */ = {isa = PBXBuildFile; fileRef = 1CAAA7791F97890900F25EC0 /* CardIOSwiftExampleTests.swift */; };
		1CAAA7851F97890A00F25EC0 /* CardIOSwiftExampleUITests.swift in Sources */ = {isa = PBXBuildFile; fileRef = 1CAAA7841F97890A00F25EC0 /* CardIOSwiftExampleUITests.swift */; };
/* End PBXBuildFile section */

/* Begin PBXContainerItemProxy section */
		1CAAA7761F97890900F25EC0 /* PBXContainerItemProxy */ = {
			isa = PBXContainerItemProxy;
			containerPortal = 1CAAA7591F97890900F25EC0 /* Project object */;
			proxyType = 1;
			remoteGlobalIDString = 1CAAA7601F97890900F25EC0;
			remoteInfo = CardIOSwiftExample;
		};
		1CAAA7811F97890A00F25EC0 /* PBXContainerItemProxy */ = {
			isa = PBXContainerItemProxy;
			containerPortal = 1CAAA7591F97890900F25EC0 /* Project object */;
			proxyType = 1;
			remoteGlobalIDString = 1CAAA7601F97890900F25EC0;
			remoteInfo = CardIOSwiftExample;
		};
/* End PBXContainerItemProxy section */

/* Begin PBXFileReference section */
		1CAAA7611F97890900F25EC0 /* CardIOSwiftExample.app */ = {isa = PBXFileReference; explicitFileType = wrapper.application; includeInIndex = 0; path = CardIOSwiftExample.app; sourceTree = BUILT_PRODUCTS_DIR; };
		1CAAA7641F97890900F25EC0 /* AppDelegate.swift */ = {isa = PBXFileReference; lastKnownFileType = sourcecode.swift; path = AppDelegate.swift; sourceTree = "<group>"; };
		1CAAA7661F97890900F25EC0 /* ViewController.swift */ = {isa = PBXFileReference; lastKnownFileType = sourcecode.swift; path = ViewController.swift; sourceTree = "<group>"; };
		1CAAA7691F97890900F25EC0 /* Base */ = {isa = PBXFileReference; lastKnownFileType = file.storyboard; name = Base; path = Base.lproj/Main.storyboard; sourceTree = "<group>"; };
		1CAAA76B1F97890900F25EC0 /* Assets.xcassets */ = {isa = PBXFileReference; lastKnownFileType = folder.assetcatalog; path = Assets.xcassets; sourceTree = "<group>"; };
		1CAAA76E1F97890900F25EC0 /* Base */ = {isa = PBXFileReference; lastKnownFileType = file.storyboard; name = Base; path = Base.lproj/LaunchScreen.storyboard; sourceTree = "<group>"; };
		1CAAA7701F97890900F25EC0 /* Info.plist */ = {isa = PBXFileReference; lastKnownFileType = text.plist.xml; path = Info.plist; sourceTree = "<group>"; };
		1CAAA7751F97890900F25EC0 /* CardIOSwiftExampleTests.xctest */ = {isa = PBXFileReference; explicitFileType = wrapper.cfbundle; includeInIndex = 0; path = CardIOSwiftExampleTests.xctest; sourceTree = BUILT_PRODUCTS_DIR; };
		1CAAA7791F97890900F25EC0 /* CardIOSwiftExampleTests.swift */ = {isa = PBXFileReference; lastKnownFileType = sourcecode.swift; path = CardIOSwiftExampleTests.swift; sourceTree = "<group>"; };
		1CAAA77B1F97890900F25EC0 /* Info.plist */ = {isa = PBXFileReference; lastKnownFileType = text.plist.xml; path = Info.plist; sourceTree = "<group>"; };
		1CAAA7801F97890A00F25EC0 /* CardIOSwiftExampleUITests.xctest */ = {isa = PBXFileReference; explicitFileType = wrapper.cfbundle; includeInIndex = 0; path = CardIOSwiftExampleUITests.xctest; sourceTree = BUILT_PRODUCTS_DIR; };
		1CAAA7841F97890A00F25EC0 /* CardIOSwiftExampleUITests.swift */ = {isa = PBXFileReference; lastKnownFileType = sourcecode.swift; path = CardIOSwiftExampleUITests.swift; sourceTree = "<group>"; };
		1CAAA7861F97890A00F25EC0 /* Info.plist */ = {isa = PBXFileReference; lastKnownFileType = text.plist.xml; path = Info.plist; sourceTree = "<group>"; };
/* End PBXFileReference section */

/* Begin PBXFrameworksBuildPhase section */
		1CAAA75E1F97890900F25EC0 /* Frameworks */ = {
			isa = PBXFrameworksBuildPhase;
			buildActionMask = 2147483647;
			files = (
			);
			runOnlyForDeploymentPostprocessing = 0;
		};
		1CAAA7721F97890900F25EC0 /* Frameworks */ = {
			isa = PBXFrameworksBuildPhase;
			buildActionMask = 2147483647;
			files = (
			);
			runOnlyForDeploymentPostprocessing = 0;
		};
		1CAAA77D1F97890A00F25EC0 /* Frameworks */ = {
			isa = PBXFrameworksBuildPhase;
			buildActionMask = 2147483647;
			files = (
			);
			runOnlyForDeploymentPostprocessing = 0;
		};
/* End PBXFrameworksBuildPhase section */

/* Begin PBXGroup section */
		1CAAA7581F97890900F25EC0 = {
			isa = PBXGroup;
			children = (
				1CAAA7631F97890900F25EC0 /* CardIOSwiftExample */,
				1CAAA7781F97890900F25EC0 /* CardIOSwiftExampleTests */,
				1CAAA7831F97890A00F25EC0 /* CardIOSwiftExampleUITests */,
				1CAAA7621F97890900F25EC0 /* Products */,
			);
			sourceTree = "<group>";
		};
		1CAAA7621F97890900F25EC0 /* Products */ = {
			isa = PBXGroup;
			children = (
				1CAAA7611F97890900F25EC0 /* CardIOSwiftExample.app */,
				1CAAA7751F97890900F25EC0 /* CardIOSwiftExampleTests.xctest */,
				1CAAA7801F97890A00F25EC0 /* CardIOSwiftExampleUITests.xctest */,
			);
			name = Products;
			sourceTree = "<group>";
		};
		1CAAA7631F97890900F25EC0 /* CardIOSwiftExample */ = {
			isa = PBXGroup;
			children = (
				1CAAA7641F97890900F25EC0 /* AppDelegate.swift */,
				1CAAA7661F97890900F25EC0 /* ViewController.swift */,
				1CAAA7681F97890900F25EC0 /* Main.storyboard */,
				1CAAA76B1F97890900F25EC0 /* Assets.xcassets */,
				1CAAA76D1F97890900F25EC0 /* LaunchScreen.storyboard */,
				1CAAA7701F97890900F25EC0 /* Info.plist */,
			);
			path = CardIOSwiftExample;
			sourceTree = "<group>";
		};
		1CAAA7781F97890900F25EC0 /* CardIOSwiftExampleTests */ = {
			isa = PBXGroup;
			children = (
				1CAAA7791F97890900F25EC0 /* CardIOSwiftExampleTests.swift */,
				1CAAA77B1F97890900F25EC0 /* Info.plist */,
			);
			path = CardIOSwiftExampleTests;
			sourceTree = "<group>";
		};
		1CAAA7831F97890A00F25EC0 /* CardIOSwiftExampleUITests */ = {
			isa = PBXGroup;
			children = (
				1CAAA7841F97890A00F25EC0 /* CardIOSwiftExampleUITests.swift */,
				1CAAA7861F97890A00F25EC0 /* Info.plist */,
			);
			path = CardIOSwiftExampleUITests;
			sourceTree = "<group>";
		};
/* End PBXGroup section */

/* Begin PBXNativeTarget section */
		1CAAA7601F97890900F25EC0 /* CardIOSwiftExample */ = {
			isa = PBXNativeTarget;
			buildConfigurationList = 1CAAA7891F97890A00F25EC0 /* Build configuration list for PBXNativeTarget "CardIOSwiftExample" */;
			buildPhases = (
				1CAAA75D1F97890900F25EC0 /* Sources */,
				1CAAA75E1F97890900F25EC0 /* Frameworks */,
				1CAAA75F1F97890900F25EC0 /* Resources */,
			);
			buildRules = (
			);
			dependencies = (
			);
			name = CardIOSwiftExample;
			productName = CardIOSwiftExample;
			productReference = 1CAAA7611F97890900F25EC0 /* CardIOSwiftExample.app */;
			productType = "com.apple.product-type.application";
		};
		1CAAA7741F97890900F25EC0 /* CardIOSwiftExampleTests */ = {
			isa = PBXNativeTarget;
			buildConfigurationList = 1CAAA78C1F97890A00F25EC0 /* Build configuration list for PBXNativeTarget "CardIOSwiftExampleTests" */;
			buildPhases = (
				1CAAA7711F97890900F25EC0 /* Sources */,
				1CAAA7721F97890900F25EC0 /* Frameworks */,
				1CAAA7731F97890900F25EC0 /* Resources */,
			);
			buildRules = (
			);
			dependencies = (
				1CAAA7771F97890900F25EC0 /* PBXTargetDependency */,
			);
			name = CardIOSwiftExampleTests;
			productName = CardIOSwiftExampleTests;
			productReference = 1CAAA7751F97890900F25EC0 /* CardIOSwiftExampleTests.xctest */;
			productType = "com.apple.product-type.bundle.unit-test";
		};
		1CAAA77F1F97890A00F25EC0 /* CardIOSwiftExampleUITests */ = {
			isa = PBXNativeTarget;
			buildConfigurationList = 1CAAA78F1F97890A00F25EC0 /* Build configuration list for PBXNativeTarget "CardIOSwiftExampleUITests" */;
			buildPhases = (
				1CAAA77C1F97890A00F25EC0 /* Sources */,
				1CAAA77D1F97890A00F25EC0 /* Frameworks */,
				1CAAA77E1F97890A00F25EC0 /* Resources */,
			);
			buildRules = (
			);
			dependencies = (
				1CAAA7821F97890A00F25EC0 /* PBXTargetDependency */,
			);
			name = CardIOSwiftExampleUITests;
			productName = CardIOSwiftExampleUITests;
			productReference = 1CAAA7801F97890A00F25EC0 /* CardIOSwiftExampleUITests.xctest */;
			productType = "com.apple.product-type.bundle.ui-testing";
		};
/* End PBXNativeTarget section */

/* Begin PBXProject section */
		1CAAA7591F97890900F25EC0 /* Project object */ = {
			isa = PBXProject;
			attributes = {
				LastSwiftUpdateCheck = 0900;
				LastUpgradeCheck = 0900;
				ORGANIZATIONNAME = Example;
				TargetAttributes = {
					1CAAA7601F97890900F25EC0 = {
						CreatedOnToolsVersion = 9.0;
						ProvisioningStyle = Automatic;
					};
					1CAAA7741F97890900F25EC0 = {
						CreatedOnToolsVersion = 9.0;
						ProvisioningStyle = Automatic;
						TestTargetID = 1CAAA7601F97890900F25EC0;
					};
					1CAAA77F1F97890A00F25EC0 = {
						CreatedOnToolsVersion = 9.0;
						ProvisioningStyle = Automatic;
						TestTargetID = 1CAAA7601F97890900F25EC0;
					};
				};
			};
			buildConfigurationList = 1CAAA75C1F97890900F25EC0 /* Build configuration list for PBXProject "CardIOSwiftExample" */;
			compatibilityVersion = "Xcode 8.0";
			developmentRegion = en;
			hasScannedForEncodings = 0;
			knownRegions = (
				en,
				Base,
			);
			mainGroup = 1CAAA7581F97890900F25EC0;
			productRefGroup = 1CAAA7621F97890900F25EC0 /* Products */;
			projectDirPath = "";
			projectRoot = "";
			targets = (
				1CAAA7601F97890900F25EC0 /* CardIOSwiftExample */,
				1CAAA7741F97890900F25EC0 /* CardIOSwiftExampleTests */,
				1CAAA77F1F97890A00F25EC0 /* CardIOSwiftExampleUITests */,
			);
		};
/* End PBXProject section */

/* Begin PBXResourcesBuildPhase section */
		1CAAA75F1F97890900F25EC0 /* Resources */ = {
			isa = PBXResourcesBuildPhase;
			buildActionMask = 2147483647;
			files = (
				1CAAA76F1F97890900F25EC0 /* LaunchScreen.storyboard in Resources */,
				1CAAA76C1F97890900F25EC0 /* Assets.xcassets in Resources */,
				1CAAA76A1F97890900F25EC0 /* Main.storyboard in Resources */,
			);
			runOnlyForDeploymentPostprocessing = 0;
		};
		1CAAA7731F97890900F25EC0 /* Resources */ = {
			isa = PBXResourcesBuildPhase;
			buildActionMask = 2147483647;
			files = (
			);
			runOnlyForDeploymentPostprocessing = 0;
		};
		1CAAA77E1F97890A00F25EC0 /* Resources */ = {
			isa = PBXResourcesBuildPhase;
			buildActionMask = 2147483647;
			files = (
			);
			runOnlyForDeploymentPostprocessing = 0;
		};
/* End PBXResourcesBuildPhase section */

/* Begin PBXSourcesBuildPhase section */
		1CAAA75D1F97890900F25EC0 /* Sources */ = {
			isa = PBXSourcesBuildPhase;
			buildActionMask = 2147483647;
			files = (
				1CAAA7671F97890900F25EC0 /* ViewController.swift in Sources */,
				1CAAA7651F97890900F25EC0 /* AppDelegate.swift in Sources */,
			);
			runOnlyForDeploymentPostprocessing = 0;
		};
		1CAAA7711F97890900F25EC0 /* Sources */ = {
			isa = PBXSourcesBuildPhase;
			buildActionMask = 2147483647;
			files = (
				1CAAA77A1F97890900F25EC0 /* CardIOSwiftExampleTests.swift in Sources */,
			);
			runOnlyForDeploymentPostprocessing = 0;
		};
		1CAAA77C1F97890A00F25EC0 /* Sources */ = {
			isa = PBXSourcesBuildPhase;
			buildActionMask = 2147483647;
			files = (
				1CAAA7851F97890A00F25EC0 /* CardIOSwiftExampleUITests.swift in Sources */,
			);
			runOnlyForDeploymentPostprocessing = 0;
		};
/* End PBXSourcesBuildPhase section */

/* Begin PBXTargetDependency section */
		1CAAA7771F97890900F25EC0 /* PBXTargetDependency */ = {
			isa = PBXTargetDependency;
			target = 1CAAA7601F97890900F25EC0 /* CardIOSwiftExample */;
			targetProxy = 1CAAA7761F97890900F25EC0 /* PBXContainerItemProxy */;
		};
		1CAAA7821F97890A00F25EC0 /* PBXTargetDependency */ = {
			isa = PBXTargetDependency;
			target = 1CAAA7601F97890900F25EC0 /* CardIOSwiftExample */;
			targetProxy = 1CAAA7811F97890A00F25EC0 /* PBXContainerItemProxy */;
		};
/* End PBXTargetDependency section */

/* Begin PBXVariantGroup section */
		1CAAA7681F97890900F25EC0 /* Main.storyboard */ = {
			isa = PBXVariantGroup;
			children = (
				1CAAA7691F97890900F25EC0 /* Base */,
			);
			name = Main.storyboard;
			sourceTree = "<group>";
		};
		1CAAA76D1F97890900F25EC0 /* LaunchScreen.storyboard */ = {
			isa = PBXVariantGroup;
			children = (
				1CAAA76E1F97890900F25EC0 /* Base */,
			);
			name = LaunchScreen.storyboard;
			sourceTree = "<group>";
		};
/* End PBXVariantGroup section */

/* Begin XCBuildConfiguration section */
		1CAAA7871F97890A00F25EC0 /* Debug */ = {
			isa = XCBuildConfiguration;
			buildSettings = {
				ALWAYS_SEARCH_USER_PATHS = NO;
				CLANG_ANALYZER_NONNULL = YES;
				CLANG_ANALYZER_NUMBER_OBJECT_CONVERSION = YES_AGGRESSIVE;
				CLANG_CXX_LANGUAGE_STANDARD = "gnu++14";
				CLANG_CXX_LIBRARY = "libc++";
				CLANG_ENABLE_MODULES = YES;
				CLANG_ENABLE_OBJC_ARC = YES;
				CLANG_WARN_BLOCK_CAPTURE_AUTORELEASING = YES;
				CLANG_WARN_BOOL_CONVERSION = YES;
				CLANG_WARN_COMMA = YES;
				CLANG_WARN_CONSTANT_CONVERSION = YES;
				CLANG_WARN_DIRECT_OBJC_ISA_USAGE = YES_ERROR;
				CLANG_WARN_DOCUMENTATION_COMMENTS = YES;
				CLANG_WARN_EMPTY_BODY = YES;
				CLANG_WARN_ENUM_CONVERSION = YES;
				CLANG_WARN_INFINITE_RECURSION = YES;
				CLANG_WARN_INT_CONVERSION = YES;
				CLANG_WARN_NON_LITERAL_NULL_CONVERSION = YES;
				CLANG_WARN_OBJC_LITERAL_CONVERSION = YES;
				CLANG_WARN_OBJC_ROOT_CLASS = YES_ERROR;
				CLANG_WARN_RANGE_LOOP_ANALYSIS = YES;
				CLANG_WARN_STRICT_PROTOTYPES = YES;
				CLANG_WARN_SUSPICIOUS_MOVE = YES;
				CLANG_WARN_UNGUARDED_AVAILABILITY = YES_AGGRESSIVE;
				CLANG_WARN_UNREACHABLE_CODE = YES;
				CLANG_WARN__DUPLICATE_METHOD_MATCH = YES;
				CODE_SIGN_IDENTITY = "iPhone Developer";
				COPY_PHASE_STRIP = NO;
				DEBUG_INFORMATION_FORMAT = dwarf;
				ENABLE_STRICT_OBJC_MSGSEND = YES;
				ENABLE_TESTABILITY = YES;
				GCC_C_LANGUAGE_STANDARD = gnu11;
				GCC_DYNAMIC_NO_PIC = NO;
				GCC_NO_COMMON_BLOCKS = YES;
				GCC_OPTIMIZATION_LEVEL = 0;
				GCC_PREPROCESSOR_DEFINITIONS = (
					"DEBUG=1",
					"$(inherited)",
				);
				GCC_WARN_64_TO_32_BIT_CONVERSION = YES;
				GCC_WARN_ABOUT_RETURN_TYPE = YES_ERROR;
				GCC_WARN_UNDECLARED_SELECTOR = YES;
				GCC_WARN_UNINITIALIZED_AUTOS = YES_AGGRESSIVE;
				GCC_WARN_UNUSED_FUNCTION = YES;
				GCC_WARN_UNUSED_VARIABLE = YES;
				IPHONEOS_DEPLOYMENT_TARGET = 11.0;
				MTL_ENABLE_DEBUG_INFO = YES;
				ONLY_ACTIVE_ARCH = YES;
				SDKROOT = iphoneos;
				SWIFT_ACTIVE_COMPILATION_CONDITIONS = DEBUG;
				SWIFT_OPTIMIZATION_LEVEL = "-Onone";
			};
			name = Debug;
		};
		1CAAA7881F97890A00F25EC0 /* Release */ = {
			isa = XCBuildConfiguration;
			buildSettings = {
				ALWAYS_SEARCH_USER_PATHS = NO;
				CLANG_ANALYZER_NONNULL = YES;
				CLANG_ANALYZER_NUMBER_OBJECT_CONVERSION = YES_AGGRESSIVE;
				CLANG_CXX_LANGUAGE_STANDARD = "gnu++14";
				CLANG_CXX_LIBRARY = "libc++";
				CLANG_ENABLE_MODULES = YES;
				CLANG_ENABLE_OBJC_ARC = YES;
				CLANG_WARN_BLOCK_CAPTURE_AUTORELEASING = YES;
				CLANG_WARN_BOOL_CONVERSION = YES;
				CLANG_WARN_COMMA = YES;
				CLANG_WARN_CONSTANT_CONVERSION = YES;
				CLANG_WARN_DIRECT_OBJC_ISA_USAGE = YES_ERROR;
				CLANG_WARN_DOCUMENTATION_COMMENTS = YES;
				CLANG_WARN_EMPTY_BODY = YES;
				CLANG_WARN_ENUM_CONVERSION = YES;
				CLANG_WARN_INFINITE_RECURSION = YES;
				CLANG_WARN_INT_CONVERSION = YES;
				CLANG_WARN_NON_LITERAL_NULL_CONVERSION = YES;
				CLANG_WARN_OBJC_LITERAL_CONVERSION = YES;
				CLANG_WARN_OBJC_ROOT_CLASS = YES_ERROR;
				CLANG_WARN_RANGE_LOOP_ANALYSIS = YES;
				CLANG_WARN_STRICT_PROTOTYPES = YES;
				CLANG_WARN_SUSPICIOUS_MOVE = YES;
				CLANG_WARN_UNGUARDED_AVAILABILITY = YES_AGGRESSIVE;
				CLANG_WARN_UNREACHABLE_CODE = YES;
				CLANG_WARN__DUPLICATE_METHOD_MATCH = YES;
				CODE_SIGN_IDENTITY = "iPhone Developer";
				COPY_PHASE_STRIP = NO;
				DEBUG_INFORMATION_FORMAT = "dwarf-with-dsym";
				ENABLE_NS_ASSERTIONS = NO;
				ENABLE_STRICT_OBJC_MSGSEND = YES;
				GCC_C_LANGUAGE_STANDARD = gnu11;
				GCC_NO_COMMON_BLOCKS = YES;
				GCC_WARN_64_TO_32_BIT_CONVERSION = YES;
				GCC_WARN_ABOUT_RETURN_TYPE = YES_ERROR;
				GCC_WARN_UNDECLARED_SELECTOR = YES;
				GCC_WARN_UNINITIALIZED_AUTOS = YES_AGGRESSIVE;
				GCC_WARN_UNUSED_FUNCTION = YES;
				GCC_WARN_UNUSED_VARIABLE = YES;
				IPHONEOS_DEPLOYMENT_TARGET = 11.0;
				MTL_ENABLE_DEBUG_INFO = NO;
				SDKROOT = iphoneos;
				SWIFT_OPTIMIZATION_LEVEL = "-Owholemodule";
				VALIDATE_PRODUCT = YES;
			};
			name = Release;
		};
		1CAAA78A1F97890A00F25EC0 /* Debug */ = {
			isa = XCBuildConfiguration;
			buildSettings = {
				ASSETCATALOG_COMPILER_APPICON_NAME = AppIcon;
				CODE_SIGN_STYLE = Automatic;
				INFOPLIST_FILE = CardIOSwiftExample/Info.plist;
				LD_RUNPATH_SEARCH_PATHS = "$(inherited) @executable_path/Frameworks";
				PRODUCT_BUNDLE_IDENTIFIER = com.example.CardIOSwiftExample;
				PRODUCT_NAME = "$(TARGET_NAME)";
				SWIFT_VERSION = 4.0;
				TARGETED_DEVICE_FAMILY = "1,2";
			};
			name = Debug;
		};
		1CAAA78B1F97890A00F25EC0 /* Release */ = {
			isa = XCBuildConfiguration;
			buildSettings = {
				ASSETCATALOG_COMPILER_APPICON_NAME = AppIcon;
				CODE_SIGN_STYLE = Automatic;
				INFOPLIST_FILE = CardIOSwiftExample/Info.plist;
				LD_RUNPATH_SEARCH_PATHS = "$(inherited) @executable_path/Frameworks";
				PRODUCT_BUNDLE_IDENTIFIER = com.example.CardIOSwiftExample;
				PRODUCT_NAME = "$(TARGET_NAME)";
				SWIFT_VERSION = 4.0;
				TARGETED_DEVICE_FAMILY = "1,2";
			};
			name = Release;
		};
		1CAAA78D1F97890A00F25EC0 /* Debug */ = {
			isa = XCBuildConfiguration;
			buildSettings = {
				ALWAYS_EMBED_SWIFT_STANDARD_LIBRARIES = YES;
				BUNDLE_LOADER = "$(TEST_HOST)";
				CODE_SIGN_STYLE = Automatic;
				INFOPLIST_FILE = CardIOSwiftExampleTests/Info.plist;
				LD_RUNPATH_SEARCH_PATHS = "$(inherited) @executable_path/Frameworks @loader_path/Frameworks";
				PRODUCT_BUNDLE_IDENTIFIER = com.example.CardIOSwiftExampleTests;
				PRODUCT_NAME = "$(TARGET_NAME)";
				SWIFT_VERSION = 4.0;
				TARGETED_DEVICE_FAMILY = "1,2";
				TEST_HOST = "$(BUILT_PRODUCTS_DIR)/CardIOSwiftExample.app/CardIOSwiftExample";
			};
			name = Debug;
		};
		1CAAA78E1F97890A00F25EC0 /* Release */ = {
			isa = XCBuildConfiguration;
			buildSettings = {
				ALWAYS_EMBED_SWIFT_STANDARD_LIBRARIES = YES;
				BUNDLE_LOADER = "$(TEST_HOST)";
				CODE_SIGN_STYLE = Automatic;
				INFOPLIST_FILE = CardIOSwiftExampleTests/Info.plist;
				LD_RUNPATH_SEARCH_PATHS = "$(inherited) @executable_path/Frameworks @loader_path/Frameworks";
				PRODUCT_BUNDLE_IDENTIFIER = com.example.CardIOSwiftExampleTests;
				PRODUCT_NAME = "$(TARGET_NAME)";
				SWIFT_VERSION = 4.0;
				TARGETED_DEVICE_FAMILY = "1,2";
				TEST_HOST = "$(BUILT_PRODUCTS_DIR)/CardIOSwiftExample.app/CardIOSwiftExample";
			};
			name = Release;
		};
		1CAAA7901F97890A00F25EC0 /* Debug */ = {
			isa = XCBuildConfiguration;
			buildSettings = {
				ALWAYS_EMBED_SWIFT_STANDARD_LIBRARIES = YES;
				CODE_SIGN_STYLE = Automatic;
				INFOPLIST_FILE = CardIOSwiftExampleUITests/Info.plist;
				LD_RUNPATH_SEARCH_PATHS = "$(inherited) @executable_path/Frameworks @loader_path/Frameworks";
				PRODUCT_BUNDLE_IDENTIFIER = com.example.CardIOSwiftExampleUITests;
				PRODUCT_NAME = "$(TARGET_NAME)";
				SWIFT_VERSION = 4.0;
				TARGETED_DEVICE_FAMILY = "1,2";
				TEST_TARGET_NAME = CardIOSwiftExample;
			};
			name = Debug;
		};
		1CAAA7911F97890A00F25EC0 /* Release */ = {
			isa = XCBuildConfiguration;
			buildSettings = {
				ALWAYS_EMBED_SWIFT_STANDARD_LIBRARIES = YES;
				CODE_SIGN_STYLE = Automatic;
				INFOPLIST_FILE = CardIOSwiftExampleUITests/Info.plist;
				LD_RUNPATH_SEARCH_PATHS = "$(inherited) @executable_path/Frameworks @loader_path/Frameworks";
				PRODUCT_BUNDLE_IDENTIFIER = com.example.CardIOSwiftExampleUITests;
				PRODUCT_NAME = "$(TARGET_NAME)";
				SWIFT_VERSION = 4.0;
				TARGETED_DEVICE_FAMILY = "1,2";
				TEST_TARGET_NAME = CardIOSwiftExample;
			};
			name = Release;
		};
/* End XCBuildConfiguration section */

/* Begin XCConfigurationList section */
		1CAAA75C1F97890900F25EC0 /* Build configuration list for PBXProject "CardIOSwiftExample" */ = {
			isa = XCConfigurationList;
			buildConfigurations = (
				1CAAA7871F97890A00F25EC0 /* Debug */,
				1CAAA7881F97890A00F25EC0 /* Release */,
			);
			defaultConfigurationIsVisible = 0;
			defaultConfigurationName = Release;
		};
		1CAAA7891F97890A00F25EC0 /* Build configuration list for PBXNativeTarget "CardIOSwiftExample" */ = {
			isa = XCConfigurationList;
			buildConfigurations = (
				1CAAA78A1F97890A00F25EC0 /* Debug */,
				1CAAA78B1F97890A00F25EC0 /* Release */,
			);
			defaultConfigurationIsVisible = 0;
			defaultConfigurationName = Release;
		};
		1CAAA78C1F97890A00F25EC0 /* Build configuration list for PBXNativeTarget "CardIOSwiftExampleTests" */ = {
			isa = XCConfigurationList;
			buildConfigurations = (
				1CAAA78D1F97890A00F25EC0 /* Debug */,
				1CAAA78E1F97890A00F25EC0 /* Release */,
			);
			defaultConfigurationIsVisible = 0;
			defaultConfigurationName = Release;
		};
		1CAAA78F1F97890A00F25EC0 /* Build configuration list for PBXNativeTarget "CardIOSwiftExampleUITests" */ = {
			isa = XCConfigurationList;
			buildConfigurations = (
				1CAAA7901F97890A00F25EC0 /* Debug */,
				1CAAA7911F97890A00F25EC0 /* Release */,
			);
			defaultConfigurationIsVisible = 0;
			defaultConfigurationName = Release;
		};
/* End XCConfigurationList section */
	};
	rootObject = 1CAAA7591F97890900F25EC0 /* Project object */;
}
